
Microsoft Visual Studio Solution File, Format Version 12.00
# Visual Studio Version 16
VisualStudioVersion = 16.0.31005.135
MinimumVisualStudioVersion = 10.0.40219.1
Project("{FAE04EC0-301F-11D3-BF4B-00C04F79EFBC}") = "MyFirstWinFormsApp", "MyFirstWinFormsApp\MyFirstWinFormsApp.csproj", "{6DA961C7-E7D9-4D7B-949A-038AC644A651}"
EndProject
Global
	GlobalSection(SolutionConfigurationPlatforms) = preSolution
		Debug|Any CPU = Debug|Any CPU
		Release|Any CPU = Release|Any CPU
	EndGlobalSection
	GlobalSection(ProjectConfigurationPlatforms) = postSolution
		{6DA961C7-E7D9-4D7B-949A-038AC644A651}.Debug|Any CPU.ActiveCfg = Debug|Any CPU
		{6DA961C7-E7D9-4D7B-949A-038AC644A651}.Debug|Any CPU.Build.0 = Debug|Any CPU
		{6DA961C7-E7D9-4D7B-949A-038AC644A651}.Release|Any CPU.ActiveCfg = Release|Any CPU
		{6DA961C7-E7D9-4D7B-949A-038AC644A651}.Release|Any CPU.Build.0 = Release|Any CPU
	EndGlobalSection
	GlobalSection(SolutionProperties) = preSolution
		HideSolutionNode = FALSE
	EndGlobalSection
	GlobalSection(ExtensibilityGlobals) = postSolution
		SolutionGuid = {79DE0CF5-B691-4FC1-BC7C-039B8427B3DC}
	EndGlobalSection
EndGlobal
